
Microsoft Visual Studio Solution File, Format Version 12.00
# Visual Studio Version 17
VisualStudioVersion = 17.9.34622.214
MinimumVisualStudioVersion = 10.0.40219.1
Project("{FAE04EC0-301F-11D3-BF4B-00C04F79EFBC}") = "Midterm_Assignment1_Login", "Midterm_Assignment1_Login.csproj", "{D386C813-3309-434A-9D12-87D164A4A859}"
EndProject
Global
	GlobalSection(SolutionConfigurationPlatforms) = preSolution
		Debug|Any CPU = Debug|Any CPU
		Release|Any CPU = Release|Any CPU
	EndGlobalSection
	GlobalSection(ProjectConfigurationPlatforms) = postSolution
		{D386C813-3309-434A-9D12-87D164A4A859}.Debug|Any CPU.ActiveCfg = Debug|Any CPU
		{D386C813-3309-434A-9D12-87D164A4A859}.Debug|Any CPU.Build.0 = Debug|Any CPU
		{D386C813-3309-434A-9D12-87D164A4A859}.Release|Any CPU.ActiveCfg = Release|Any CPU
		{D386C813-3309-434A-9D12-87D164A4A859}.Release|Any CPU.Build.0 = Release|Any CPU
	EndGlobalSection
	GlobalSection(SolutionProperties) = preSolution
		HideSolutionNode = FALSE
	EndGlobalSection
	GlobalSection(ExtensibilityGlobals) = postSolution
		SolutionGuid = {EEFEC032-DE7A-42E0-8C66-329C8A867AB7}
	EndGlobalSection
EndGlobal
